# THIS IS AN AUTOGENERATED FILE. DO NOT EDIT THIS FILE DIRECTLY.
# yarn lockfile v1


axios@^0.21.1:
  version "0.21.4"
  resolved "https://registry.yarnpkg.com/axios/-/axios-0.21.4.tgz#c67b90dc0568e5c1cf2b0b858c43ba28e2eda575"
  integrity sha512-ut5vewkiu8jjGBdqpM44XxjuCjq9LAKeHVmoVfHVzy8eHgxxq8SbAVQNovDA8mVi05kP0Ea/n/UzcSHcTJQfNg==
  dependencies:
    follow-redirects "^1.14.0"

boolbase@^1.0.0:
  version "1.0.0"
  resolved "https://registry.yarnpkg.com/boolbase/-/boolbase-1.0.0.tgz#68dff5fbe60c51eb37725ea9e3ed310dcc1e776e"
  integrity sha1-aN/1++YMUes3cl6p4+0xDcwed24=

cheerio-select@^1.5.0:
  version "1.5.0"
  resolved "https://registry.yarnpkg.com/cheerio-select/-/cheerio-select-1.5.0.tgz#faf3daeb31b17c5e1a9dabcee288aaf8aafa5823"
  integrity sha512-qocaHPv5ypefh6YNxvnbABM07KMxExbtbfuJoIie3iZXX1ERwYmJcIiRrr9H05ucQP1k28dav8rpdDgjQd8drg==
  dependencies:
    css-select "^4.1.3"
    css-what "^5.0.1"
    domelementtype "^2.2.0"
    domhandler "^4.2.0"
    domutils "^2.7.0"

cheerio@^1.0.0-rc.3:
  version "1.0.0-rc.10"
  resolved "https://registry.yarnpkg.com/cheerio/-/cheerio-1.0.0-rc.10.tgz#2ba3dcdfcc26e7956fc1f440e61d51c643379f3e"
  integrity sha512-g0J0q/O6mW8z5zxQ3A8E8J1hUgp4SMOvEoW/x84OwyHKe/Zccz83PVT4y5Crcr530FV6NgmKI1qvGTKVl9XXVw==
  dependencies:
    cheerio-select "^1.5.0"
    dom-serializer "^1.3.2"
    domhandler "^4.2.0"
    htmlparser2 "^6.1.0"
    parse5 "^6.0.1"
    parse5-htmlparser2-tree-adapter "^6.0.1"
    tslib "^2.2.0"

css-select@^4.1.3:
  version "4.1.3"
  resolved "https://registry.yarnpkg.com/css-select/-/css-select-4.1.3.tgz#a70440f70317f2669118ad74ff105e65849c7067"
  integrity sha512-gT3wBNd9Nj49rAbmtFHj1cljIAOLYSX1nZ8CB7TBO3INYckygm5B7LISU/szY//YmdiSLbJvDLOx9VnMVpMBxA==
  dependencies:
    boolbase "^1.0.0"
    css-what "^5.0.0"
    domhandler "^4.2.0"
    domutils "^2.6.0"
    nth-check "^2.0.0"

css-what@^5.0.0, css-what@^5.0.1:
  version "5.1.0"
  resolved "https://registry.yarnpkg.com/css-what/-/css-what-5.1.0.tgz#3f7b707aadf633baf62c2ceb8579b545bb40f7fe"
  integrity sha512-arSMRWIIFY0hV8pIxZMEfmMI47Wj3R/aWpZDDxWYCPEiOMv6tfOrnpDtgxBYPEQD4V0Y/958+1TdC3iWTFcUPw==

debug@^3.0.0:
  version "3.2.7"
  resolved "https://registry.yarnpkg.com/debug/-/debug-3.2.7.tgz#72580b7e9145fb39b6676f9c5e5fb100b934179a"
  integrity sha512-CFjzYYAi4ThfiQvizrFQevTTXHtnCqWfe7x1AhgEscTz6ZbLbfoLRLPugTQyBth6f8ZERVUSyWHFD/7Wu4t1XQ==
  dependencies:
    ms "^2.1.1"

dom-serializer@^1.0.1, dom-serializer@^1.3.2:
  version "1.3.2"
  resolved "https://registry.yarnpkg.com/dom-serializer/-/dom-serializer-1.3.2.tgz#6206437d32ceefaec7161803230c7a20bc1b4d91"
  integrity sha512-5c54Bk5Dw4qAxNOI1pFEizPSjVsx5+bpJKmL2kPn8JhBUq2q09tTCa3mjijun2NfK78NMouDYNMBkOrPZiS+ig==
  dependencies:
    domelementtype "^2.0.1"
    domhandler "^4.2.0"
    entities "^2.0.0"

domelementtype@^2.0.1, domelementtype@^2.2.0:
  version "2.2.0"
  resolved "https://registry.yarnpkg.com/domelementtype/-/domelementtype-2.2.0.tgz#9a0b6c2782ed6a1c7323d42267183df9bd8b1d57"
  integrity sha512-DtBMo82pv1dFtUmHyr48beiuq792Sxohr+8Hm9zoxklYPfa6n0Z3Byjj2IV7bmr2IyqClnqEQhfgHJJ5QF0R5A==

domhandler@^4.0.0, domhandler@^4.2.0:
  version "4.2.2"
  resolved "https://registry.yarnpkg.com/domhandler/-/domhandler-4.2.2.tgz#e825d721d19a86b8c201a35264e226c678ee755f"
  integrity sha512-PzE9aBMsdZO8TK4BnuJwH0QT41wgMbRzuZrHUcpYncEjmQazq8QEaBWgLG7ZyC/DAZKEgglpIA6j4Qn/HmxS3w==
  dependencies:
    domelementtype "^2.2.0"

domutils@^2.5.2, domutils@^2.6.0, domutils@^2.7.0:
  version "2.8.0"
  resolved "https://registry.yarnpkg.com/domutils/-/domutils-2.8.0.tgz#4437def5db6e2d1f5d6ee859bd95ca7d02048135"
  integrity sha512-w96Cjofp72M5IIhpjgobBimYEfoPjx1Vx0BSX9P30WBdZW2WIKU0T1Bd0kz2eNZ9ikjKgHbEyKx8BB6H1L3h3A==
  dependencies:
    dom-serializer "^1.0.1"
    domelementtype "^2.2.0"
    domhandler "^4.2.0"

entities@^2.0.0:
  version "2.2.0"
  resolved "https://registry.yarnpkg.com/entities/-/entities-2.2.0.tgz#098dc90ebb83d8dffa089d55256b351d34c4da55"
  integrity sha512-p92if5Nz619I0w+akJrLZH0MX0Pb5DX39XOwQTtXSdQQOaYH03S1uIQp4mhOZtAXrxq4ViO67YTiLBo2638o9A==

fast-xml-parser@^3.16.0:
  version "3.20.3"
  resolved "https://registry.yarnpkg.com/fast-xml-parser/-/fast-xml-parser-3.20.3.tgz#c171425356d4d929efeca4e4f67f24231a31c786"
  integrity sha512-FfHJ/QCpo4K2gquBX7dIAcmShSBG4dMtYJ3ghSiR4w7YqlUujuamrM57C+mKLNWS3mvZzmm2B2Qx8Q6Gfw+lDQ==
  dependencies:
    strnum "^1.0.4"

follow-redirects@1.10.0:
  version "1.10.0"
  resolved "https://registry.yarnpkg.com/follow-redirects/-/follow-redirects-1.10.0.tgz#01f5263aee921c6a54fb91667f08f4155ce169eb"
  integrity sha512-4eyLK6s6lH32nOvLLwlIOnr9zrL8Sm+OvW4pVTJNoXeGzYIkHVf+pADQi+OJ0E67hiuSLezPVPyBcIZO50TmmQ==
  dependencies:
    debug "^3.0.0"

follow-redirects@^1.14.0:
  version "1.14.4"
  resolved "https://registry.yarnpkg.com/follow-redirects/-/follow-redirects-1.14.4.tgz#838fdf48a8bbdd79e52ee51fb1c94e3ed98b9379"
  integrity sha512-zwGkiSXC1MUJG/qmeIFH2HBJx9u0V46QGUe3YR1fXG8bXQxq7fLj0RjLZQ5nubr9qNJUZrH+xUcwXEoXNpfS+g==

he@^1.2.0:
  version "1.2.0"
  resolved "https://registry.yarnpkg.com/he/-/he-1.2.0.tgz#84ae65fa7eafb165fddb61566ae14baf05664f0f"
  integrity sha512-F/1DnUGPopORZi0ni+CvrCgHQ5FyEAHRLSApuYWMmrbSwoN2Mn/7k+Gl38gJnR7yyDZk6WLXwiGod1JOWNDKGw==

htmlparser2@^6.1.0:
  version "6.1.0"
  resolved "https://registry.yarnpkg.com/htmlparser2/-/htmlparser2-6.1.0.tgz#c4d762b6c3371a05dbe65e94ae43a9f845fb8fb7"
  integrity sha512-gyyPk6rgonLFEDGoeRgQNaEUvdJ4ktTmmUh/h2t7s+M8oPpIPxgNACWa+6ESR57kXstwqPiCut0V8NRpcwgU7A==
  dependencies:
    domelementtype "^2.0.1"
    domhandler "^4.0.0"
    domutils "^2.5.2"
    entities "^2.0.0"

iconv-lite@0.5.1:
  version "0.5.1"
  resolved "https://registry.yarnpkg.com/iconv-lite/-/iconv-lite-0.5.1.tgz#b2425d3c7b18f7219f2ca663d103bddb91718d64"
  integrity sha512-ONHr16SQvKZNSqjQT9gy5z24Jw+uqfO02/ngBSBoqChZ+W8qXX7GPRa1RoUnzGADw8K63R1BXUMzarCVQBpY8Q==
  dependencies:
    safer-buffer ">= 2.1.2 < 3"

jschardet@2.1.1:
  version "2.1.1"
  resolved "https://registry.yarnpkg.com/jschardet/-/jschardet-2.1.1.tgz#af6f8fd0b3b0f5d46a8fd9614a4fce490575c184"
  integrity sha512-pA5qG9Zwm8CBpGlK/lo2GE9jPxwqRgMV7Lzc/1iaPccw6v4Rhj8Zg2BTyrdmHmxlJojnbLupLeRnaPLsq03x6Q==

lodash@^4.17.19:
  version "4.17.21"
  resolved "https://registry.yarnpkg.com/lodash/-/lodash-4.17.21.tgz#679591c564c3bffaae8454cf0b3df370c3d6911c"
  integrity sha512-v2kDEe57lecTulaDIuNTPy3Ry4gLGJ6Z1O3vE1krgXZNrsQ+LFTGHVxVjcXPs17LhbZVGedAJv8XZ1tvj5FvSg==

ms@^2.1.1:
  version "2.1.3"
  resolved "https://registry.yarnpkg.com/ms/-/ms-2.1.3.tgz#574c8138ce1d2b5861f0b44579dbadd60c6615b2"
  integrity sha512-6FlzubTLZG3J2a/NVCAleEhjzq5oxgHyaCU9yYXvcLsvoVaHJq/s5xXI6/XXP6tz7R9xAOtHnSO/tXtF3WRTlA==

nth-check@^2.0.0:
  version "2.0.1"
  resolved "https://registry.yarnpkg.com/nth-check/-/nth-check-2.0.1.tgz#2efe162f5c3da06a28959fbd3db75dbeea9f0fc2"
  integrity sha512-it1vE95zF6dTT9lBsYbxvqh0Soy4SPowchj0UBGj/V6cTPnXXtQOPUbhZ6CmGzAD/rW22LQK6E96pcdJXk4A4w==
  dependencies:
    boolbase "^1.0.0"

ogp-parser@^0.6.0:
  version "0.6.0"
  resolved "https://registry.yarnpkg.com/ogp-parser/-/ogp-parser-0.6.0.tgz#f9de9f31ef90af9747970576a98539ddf5ef4724"
  integrity sha512-CcAQdBrzaFRUTvYaog+eKEQoxG8SNtXA3UyVqBh7QNOdPEkQY55Ckss7h2eSMLDDPHN/j11uc8co2ZFfbDLlFg==
  dependencies:
    axios "^0.21.1"
    cheerio "^1.0.0-rc.3"
    fast-xml-parser "^3.16.0"
    follow-redirects "1.10.0"
    he "^1.2.0"
    iconv-lite "0.5.1"
    jschardet "2.1.1"
    lodash "^4.17.19"

parse5-htmlparser2-tree-adapter@^6.0.1:
  version "6.0.1"
  resolved "https://registry.yarnpkg.com/parse5-htmlparser2-tree-adapter/-/parse5-htmlparser2-tree-adapter-6.0.1.tgz#2cdf9ad823321140370d4dbf5d3e92c7c8ddc6e6"
  integrity sha512-qPuWvbLgvDGilKc5BoicRovlT4MtYT6JfJyBOMDsKoiT+GiuP5qyrPCnR9HcPECIJJmZh5jRndyNThnhhb/vlA==
  dependencies:
    parse5 "^6.0.1"

parse5@^6.0.1:
  version "6.0.1"
  resolved "https://registry.yarnpkg.com/parse5/-/parse5-6.0.1.tgz#e1a1c085c569b3dc08321184f19a39cc27f7c30b"
  integrity sha512-Ofn/CTFzRGTTxwpNEs9PP93gXShHcTq255nzRYSKe8AkVpZY7e1fpmTfOyoIvjP5HG7Z2ZM7VS9PPhQGW2pOpw==

"safer-buffer@>= 2.1.2 < 3":
  version "2.1.2"
  resolved "https://registry.yarnpkg.com/safer-buffer/-/safer-buffer-2.1.2.tgz#44fa161b0187b9549dd84bb91802f9bd8385cd6a"
  integrity sha512-YZo3K82SD7Riyi0E1EQPojLz7kpepnSQI9IyPbHHg1XXXevb5dJI7tpyN2ADxGcQbHG7vcyRHk0cbwqcQriUtg==

strnum@^1.0.4:
  version "1.0.4"
  resolved "https://registry.yarnpkg.com/strnum/-/strnum-1.0.4.tgz#e97e36a7d6ba9f93d0d6b496b2ed0678d422832b"
  integrity sha512-lMzNMfDpaQOLt4B2mEbfzYS0+T7dvCXeojnlGf6f1AygvWDMcWyXYaLbyICfjVu29sErR8fnRagQfBW/N/hGgw==

tslib@^2.2.0:
  version "2.3.1"
  resolved "https://registry.yarnpkg.com/tslib/-/tslib-2.3.1.tgz#e8a335add5ceae51aa261d32a490158ef042ef01"
  integrity sha512-77EbyPPpMz+FRFRuAFlWMtmgUWGe9UOG2Z25NqCwiIjRhOf5iKGuzSe5P2w1laq+FkRy4p+PCuVkJSGkzTEKVw==

typescript@^4.4.4:
  version "4.4.4"
  resolved "https://registry.yarnpkg.com/typescript/-/typescript-4.4.4.tgz#2cd01a1a1f160704d3101fd5a58ff0f9fcb8030c"
  integrity sha512-DqGhF5IKoBl8WNf8C1gu8q0xZSInh9j1kJJMqT3a94w1JzVaBU4EXOSMrz9yDqMT0xt3selp83fuFMQ0uzv6qA==
